
Microsoft Visual Studio Solution File, Format Version 12.00
# Visual Studio 15
VisualStudioVersion = 15.0.28307.421
MinimumVisualStudioVersion = 10.0.40219.1
Project("{FAE04EC0-301F-11D3-BF4B-00C04F79EFBC}") = "BestBuy.Dominio", "BestBuy.Dominio\BestBuy.Dominio.csproj", "{AEAB539E-696C-4A0B-A848-5A688CF3F597}"
EndProject
Project("{FAE04EC0-301F-11D3-BF4B-00C04F79EFBC}") = "BestBuy.Repositorio", "BestBuy.Repositorio\BestBuy.Repositorio.csproj", "{863CAF0B-AA99-4BA9-8212-97592EA9F82E}"
EndProject
Project("{FAE04EC0-301F-11D3-BF4B-00C04F79EFBC}") = "BestBuy.Web", "BestBuy.Web\BestBuy.Web.csproj", "{B24A6C20-DA8C-40C5-812E-231738C272B1}"
EndProject
Global
	GlobalSection(SolutionConfigurationPlatforms) = preSolution
		Debug|Any CPU = Debug|Any CPU
		Release|Any CPU = Release|Any CPU
	EndGlobalSection
	GlobalSection(ProjectConfigurationPlatforms) = postSolution
		{AEAB539E-696C-4A0B-A848-5A688CF3F597}.Debug|Any CPU.ActiveCfg = Debug|Any CPU
		{AEAB539E-696C-4A0B-A848-5A688CF3F597}.Debug|Any CPU.Build.0 = Debug|Any CPU
		{AEAB539E-696C-4A0B-A848-5A688CF3F597}.Release|Any CPU.ActiveCfg = Release|Any CPU
		{AEAB539E-696C-4A0B-A848-5A688CF3F597}.Release|Any CPU.Build.0 = Release|Any CPU
		{863CAF0B-AA99-4BA9-8212-97592EA9F82E}.Debug|Any CPU.ActiveCfg = Debug|Any CPU
		{863CAF0B-AA99-4BA9-8212-97592EA9F82E}.Debug|Any CPU.Build.0 = Debug|Any CPU
		{863CAF0B-AA99-4BA9-8212-97592EA9F82E}.Release|Any CPU.ActiveCfg = Release|Any CPU
		{863CAF0B-AA99-4BA9-8212-97592EA9F82E}.Release|Any CPU.Build.0 = Release|Any CPU
		{B24A6C20-DA8C-40C5-812E-231738C272B1}.Debug|Any CPU.ActiveCfg = Debug|Any CPU
		{B24A6C20-DA8C-40C5-812E-231738C272B1}.Debug|Any CPU.Build.0 = Debug|Any CPU
		{B24A6C20-DA8C-40C5-812E-231738C272B1}.Release|Any CPU.ActiveCfg = Release|Any CPU
		{B24A6C20-DA8C-40C5-812E-231738C272B1}.Release|Any CPU.Build.0 = Release|Any CPU
	EndGlobalSection
	GlobalSection(SolutionProperties) = preSolution
		HideSolutionNode = FALSE
	EndGlobalSection
	GlobalSection(ExtensibilityGlobals) = postSolution
		SolutionGuid = {333BF3D9-0D38-4D11-AF35-D28A4E3C2A1B}
	EndGlobalSection
EndGlobal
